
Microsoft Visual Studio Solution File, Format Version 12.00
# Visual Studio 15
VisualStudioVersion = 15.0.27428.2015
MinimumVisualStudioVersion = 10.0.40219.1
Project("{FAE04EC0-301F-11D3-BF4B-00C04F79EFBC}") = "CatholicIntentions", "CatholicIntentions\CatholicIntentions.csproj", "{AA48635C-1135-4CC4-B0FC-D70AFE98E5D1}"
EndProject
Global
	GlobalSection(SolutionConfigurationPlatforms) = preSolution
		Debug|Any CPU = Debug|Any CPU
		Release|Any CPU = Release|Any CPU
	EndGlobalSection
	GlobalSection(ProjectConfigurationPlatforms) = postSolution
		{AA48635C-1135-4CC4-B0FC-D70AFE98E5D1}.Debug|Any CPU.ActiveCfg = Debug|Any CPU
		{AA48635C-1135-4CC4-B0FC-D70AFE98E5D1}.Debug|Any CPU.Build.0 = Debug|Any CPU
		{AA48635C-1135-4CC4-B0FC-D70AFE98E5D1}.Release|Any CPU.ActiveCfg = Release|Any CPU
		{AA48635C-1135-4CC4-B0FC-D70AFE98E5D1}.Release|Any CPU.Build.0 = Release|Any CPU
	EndGlobalSection
	GlobalSection(SolutionProperties) = preSolution
		HideSolutionNode = FALSE
	EndGlobalSection
	GlobalSection(ExtensibilityGlobals) = postSolution
		SolutionGuid = {EA77E541-70A8-4631-9FD3-E2548E0946AC}
	EndGlobalSection
EndGlobal
